
Microsoft Visual Studio Solution File, Format Version 12.00
# Visual Studio 15
VisualStudioVersion = 15.0.27130.2026
MinimumVisualStudioVersion = 10.0.40219.1
Project("{FAE04EC0-301F-11D3-BF4B-00C04F79EFBC}") = "GFU", "GFU\GFU.csproj", "{3D6A8157-225B-4482-92C8-5A6A8012A3C2}"
EndProject
Project("{930C7802-8A8C-48F9-8165-68863BCCD9DD}") = "GFUInstall.WIX3", "GFUInstall.WIX3\GFUInstall.WIX3.wixproj", "{2509DF6F-7CD9-4A70-A652-A661E8748C7D}"
EndProject
Project("{9A19103F-16F7-4668-BE54-9A1E7A4F7556}") = "GFU.Razor", "GFU.Razor\GFU.Razor.csproj", "{1CB305FA-6E1D-4DD2-B38D-2A26F56D27C6}"
EndProject
Global
	GlobalSection(SolutionConfigurationPlatforms) = preSolution
		Debug|Any CPU = Debug|Any CPU
		Debug|x86 = Debug|x86
		Release|Any CPU = Release|Any CPU
		Release|x86 = Release|x86
	EndGlobalSection
	GlobalSection(ProjectConfigurationPlatforms) = postSolution
		{3D6A8157-225B-4482-92C8-5A6A8012A3C2}.Debug|Any CPU.ActiveCfg = Debug|x86
		{3D6A8157-225B-4482-92C8-5A6A8012A3C2}.Debug|x86.ActiveCfg = Debug|x86
		{3D6A8157-225B-4482-92C8-5A6A8012A3C2}.Debug|x86.Build.0 = Debug|x86
		{3D6A8157-225B-4482-92C8-5A6A8012A3C2}.Release|Any CPU.ActiveCfg = Release|x86
		{3D6A8157-225B-4482-92C8-5A6A8012A3C2}.Release|x86.ActiveCfg = Release|x86
		{3D6A8157-225B-4482-92C8-5A6A8012A3C2}.Release|x86.Build.0 = Release|x86
		{2509DF6F-7CD9-4A70-A652-A661E8748C7D}.Debug|Any CPU.ActiveCfg = Debug|x86
		{2509DF6F-7CD9-4A70-A652-A661E8748C7D}.Debug|x86.ActiveCfg = Debug|x86
		{2509DF6F-7CD9-4A70-A652-A661E8748C7D}.Debug|x86.Build.0 = Debug|x86
		{2509DF6F-7CD9-4A70-A652-A661E8748C7D}.Release|Any CPU.ActiveCfg = Release|x86
		{2509DF6F-7CD9-4A70-A652-A661E8748C7D}.Release|x86.ActiveCfg = Release|x86
		{2509DF6F-7CD9-4A70-A652-A661E8748C7D}.Release|x86.Build.0 = Release|x86
		{1CB305FA-6E1D-4DD2-B38D-2A26F56D27C6}.Debug|Any CPU.ActiveCfg = Debug|Any CPU
		{1CB305FA-6E1D-4DD2-B38D-2A26F56D27C6}.Debug|Any CPU.Build.0 = Debug|Any CPU
		{1CB305FA-6E1D-4DD2-B38D-2A26F56D27C6}.Debug|x86.ActiveCfg = Debug|Any CPU
		{1CB305FA-6E1D-4DD2-B38D-2A26F56D27C6}.Debug|x86.Build.0 = Debug|Any CPU
		{1CB305FA-6E1D-4DD2-B38D-2A26F56D27C6}.Release|Any CPU.ActiveCfg = Release|Any CPU
		{1CB305FA-6E1D-4DD2-B38D-2A26F56D27C6}.Release|Any CPU.Build.0 = Release|Any CPU
		{1CB305FA-6E1D-4DD2-B38D-2A26F56D27C6}.Release|x86.ActiveCfg = Release|Any CPU
		{1CB305FA-6E1D-4DD2-B38D-2A26F56D27C6}.Release|x86.Build.0 = Release|Any CPU
	EndGlobalSection
	GlobalSection(SolutionProperties) = preSolution
		HideSolutionNode = FALSE
	EndGlobalSection
	GlobalSection(ExtensibilityGlobals) = postSolution
		SolutionGuid = {E6F833D5-AA67-4395-B1BE-66E8B573740D}
	EndGlobalSection
EndGlobal
